
Microsoft Visual Studio Solution File, Format Version 12.00
# Visual Studio 14
VisualStudioVersion = 14.0.24720.0
MinimumVisualStudioVersion = 10.0.40219.1
Project("{FAE04EC0-301F-11D3-BF4B-00C04F79EFBC}") = "ItemTrackingApp", "ItemTrackingApp\ItemTrackingApp.csproj", "{71A5DE39-9783-46B6-A700-6ED79DE06C95}"
EndProject
Project("{FAE04EC0-301F-11D3-BF4B-00C04F79EFBC}") = "ItemTrackingAPI", "ItemTrackingAPI\ItemTrackingAPI.csproj", "{B44AE31C-A5B5-4D71-8355-CE52AFD2B38D}"
EndProject
Global
	GlobalSection(SolutionConfigurationPlatforms) = preSolution
		Debug|Any CPU = Debug|Any CPU
		Release|Any CPU = Release|Any CPU
	EndGlobalSection
	GlobalSection(ProjectConfigurationPlatforms) = postSolution
		{71A5DE39-9783-46B6-A700-6ED79DE06C95}.Debug|Any CPU.ActiveCfg = Debug|Any CPU
		{71A5DE39-9783-46B6-A700-6ED79DE06C95}.Debug|Any CPU.Build.0 = Debug|Any CPU
		{71A5DE39-9783-46B6-A700-6ED79DE06C95}.Release|Any CPU.ActiveCfg = Release|Any CPU
		{71A5DE39-9783-46B6-A700-6ED79DE06C95}.Release|Any CPU.Build.0 = Release|Any CPU
		{B44AE31C-A5B5-4D71-8355-CE52AFD2B38D}.Debug|Any CPU.ActiveCfg = Debug|Any CPU
		{B44AE31C-A5B5-4D71-8355-CE52AFD2B38D}.Debug|Any CPU.Build.0 = Debug|Any CPU
		{B44AE31C-A5B5-4D71-8355-CE52AFD2B38D}.Release|Any CPU.ActiveCfg = Release|Any CPU
		{B44AE31C-A5B5-4D71-8355-CE52AFD2B38D}.Release|Any CPU.Build.0 = Release|Any CPU
	EndGlobalSection
	GlobalSection(SolutionProperties) = preSolution
		HideSolutionNode = FALSE
	EndGlobalSection
EndGlobal
